
Microsoft Visual Studio Solution File, Format Version 12.00
# Visual Studio Version 17
VisualStudioVersion = 17.1.31903.286
MinimumVisualStudioVersion = 10.0.40219.1
Project("{8BC9CEB8-8B4A-11D0-8D11-00A0C91BC942}") = "HotKeyManager", "HotKeyManager\HotKeyManager.vcxproj", "{B21325A8-C47D-4C1A-934C-A0787C3E3D9B}"
EndProject
Project("{8BC9CEB8-8B4A-11D0-8D11-00A0C91BC942}") = "HotKeyManagerTest", "HotKeyManagerTest\HotKeyManagerTest.vcxproj", "{84BA1679-686A-4968-9A3E-73264F9D4BE2}"
EndProject
Global
	GlobalSection(SolutionConfigurationPlatforms) = preSolution
		Debug|x64 = Debug|x64
		Debug|x86 = Debug|x86
		Release|x64 = Release|x64
		Release|x86 = Release|x86
	EndGlobalSection
	GlobalSection(ProjectConfigurationPlatforms) = postSolution
		{B21325A8-C47D-4C1A-934C-A0787C3E3D9B}.Debug|x64.ActiveCfg = Debug|x64
		{B21325A8-C47D-4C1A-934C-A0787C3E3D9B}.Debug|x64.Build.0 = Debug|x64
		{B21325A8-C47D-4C1A-934C-A0787C3E3D9B}.Debug|x86.ActiveCfg = Debug|Win32
		{B21325A8-C47D-4C1A-934C-A0787C3E3D9B}.Debug|x86.Build.0 = Debug|Win32
		{B21325A8-C47D-4C1A-934C-A0787C3E3D9B}.Release|x64.ActiveCfg = Release|x64
		{B21325A8-C47D-4C1A-934C-A0787C3E3D9B}.Release|x64.Build.0 = Release|x64
		{B21325A8-C47D-4C1A-934C-A0787C3E3D9B}.Release|x86.ActiveCfg = Release|Win32
		{B21325A8-C47D-4C1A-934C-A0787C3E3D9B}.Release|x86.Build.0 = Release|Win32
		{84BA1679-686A-4968-9A3E-73264F9D4BE2}.Debug|x64.ActiveCfg = Debug|x64
		{84BA1679-686A-4968-9A3E-73264F9D4BE2}.Debug|x64.Build.0 = Debug|x64
		{84BA1679-686A-4968-9A3E-73264F9D4BE2}.Debug|x86.ActiveCfg = Debug|Win32
		{84BA1679-686A-4968-9A3E-73264F9D4BE2}.Debug|x86.Build.0 = Debug|Win32
		{84BA1679-686A-4968-9A3E-73264F9D4BE2}.Release|x64.ActiveCfg = Release|x64
		{84BA1679-686A-4968-9A3E-73264F9D4BE2}.Release|x64.Build.0 = Release|x64
		{84BA1679-686A-4968-9A3E-73264F9D4BE2}.Release|x86.ActiveCfg = Release|Win32
		{84BA1679-686A-4968-9A3E-73264F9D4BE2}.Release|x86.Build.0 = Release|Win32
	EndGlobalSection
	GlobalSection(SolutionProperties) = preSolution
		HideSolutionNode = FALSE
	EndGlobalSection
	GlobalSection(ExtensibilityGlobals) = postSolution
		SolutionGuid = {0E8E81BD-9273-44B0-96EF-9EC2F998D9DD}
	EndGlobalSection
EndGlobal
